
Microsoft Visual Studio Solution File, Format Version 12.00
# Visual Studio 2012
Project("{FAE04EC0-301F-11D3-BF4B-00C04F79EFBC}") = "RetroLogger", "RetroLogger\RetroLogger.csproj", "{7CB948E9-1A76-473F-A719-E3C0A82691CD}"
EndProject
Global
	GlobalSection(SolutionConfigurationPlatforms) = preSolution
		Debug|Any CPU = Debug|Any CPU
		Release|Any CPU = Release|Any CPU
	EndGlobalSection
	GlobalSection(ProjectConfigurationPlatforms) = postSolution
		{7CB948E9-1A76-473F-A719-E3C0A82691CD}.Debug|Any CPU.ActiveCfg = Release|Any CPU
		{7CB948E9-1A76-473F-A719-E3C0A82691CD}.Debug|Any CPU.Build.0 = Release|Any CPU
		{7CB948E9-1A76-473F-A719-E3C0A82691CD}.Release|Any CPU.ActiveCfg = Release|Any CPU
		{7CB948E9-1A76-473F-A719-E3C0A82691CD}.Release|Any CPU.Build.0 = Release|Any CPU
	EndGlobalSection
	GlobalSection(SolutionProperties) = preSolution
		HideSolutionNode = FALSE
	EndGlobalSection
EndGlobal
